PODS:
  - AFNetworking (2.0.2):
    - AFNetworking/NSURLConnection
    - AFNetworking/NSURLSession
    - AFNetworking/Reachability
    - AFNetworking/Security
    - AFNetworking/Serialization
    - AFNetworking/UIKit
  - AFNetworking/NSURLConnection (2.0.2):
    - AFNetworking/Reachability
    - AFNetworking/Security
    - AFNetworking/Serialization
  - AFNetworking/NSURLSession (2.0.2):
    - AFNetworking/Reachability
    - AFNetworking/Security
    - AFNetworking/Serialization
  - AFNetworking/Reachability (2.0.2)
  - AFNetworking/Security (2.0.2)
  - AFNetworking/Serialization (2.0.2)
  - AFNetworking/UIKit (2.0.2):
    - AFNetworking/NSURLConnection
  - ILMovieDB (0.0.2):
    - AFNetworking (~> 2.0.2)

DEPENDENCIES:
  - AFNetworking (~> 2.0.0)
  - ILMovieDB (from `../`)

EXTERNAL SOURCES:
  ILMovieDB:
    :path: ../

SPEC CHECKSUMS:
  AFNetworking: 22de50ae71ab1c4859773f61068d6fcd1d8f9a4d
  ILMovieDB: 2ebb154f786c61497d9678fac6e92e42d0c4e017

COCOAPODS: 0.27.1
