<?xml version="1.0" encoding="UTF-8"?>
<!DOCTYPE plist PUBLIC "-//Apple//DTD PLIST 1.0//EN" "http://www.apple.com/DTDs/PropertyList-1.0.dtd">
<plist version="1.0">
<dict>
	<key>archiveVersion</key>
	<string>1</string>
	<key>classes</key>
	<dict/>
	<key>objectVersion</key>
	<string>46</string>
	<key>objects</key>
	<dict>
		<key>025EF458CF9E0CEB8C5B63AA</key>
		<dict>
			<key>children</key>
			<array>
				<string>793A2834EDD09FC69D4F1A60</string>
				<string>D4CB9DCA66B514BC1BA3CA54</string>
			</array>
			<key>isa</key>
			<string>PBXGroup</string>
			<key>name</key>
			<string>Pods</string>
			<key>sourceTree</key>
			<string>&lt;group&gt;</string>
		</dict>
		<key>34DC0CF2A2D747FBA471669A</key>
		<dict>
			<key>buildActionMask</key>
			<string>2147483647</string>
			<key>files</key>
			<array/>
			<key>inputPaths</key>
			<array/>
			<key>isa</key>
			<string>PBXShellScriptBuildPhase</string>
			<key>name</key>
			<string>Check Pods Manifest.lock</string>
			<key>outputPaths</key>
			<array/>
			<key>runOnlyForDeploymentPostprocessing</key>
			<string>0</string>
			<key>shellPath</key>
			<string>/bin/sh</string>
			<key>shellScript</key>
			<string>diff "${PODS_ROOT}/../Podfile.lock" "${PODS_ROOT}/Manifest.lock" &gt; /dev/null
if [[ $? != 0 ]] ; then
    cat &lt;&lt; EOM
error: The sandbox is not in sync with the Podfile.lock. Run 'pod install' or update your CocoaPods installation.
EOM
    exit 1
fi
</string>
			<key>showEnvVarsInLog</key>
			<string>0</string>
		</dict>
		<key>793A2834EDD09FC69D4F1A60</key>
		<dict>
			<key>includeInIndex</key>
			<string>1</string>
			<key>isa</key>
			<string>PBXFileReference</string>
			<key>lastKnownFileType</key>
			<string>text.xcconfig</string>
			<key>name</key>
			<string>Pods-ios.debug.xcconfig</string>
			<key>path</key>
			<string>Pods/Target Support Files/Pods-ios/Pods-ios.debug.xcconfig</string>
			<key>sourceTree</key>
			<string>&lt;group&gt;</string>
		</dict>
		<key>82FE7F1C991A4130B5BBD92F</key>
		<dict>
			<key>explicitFileType</key>
			<string>archive.ar</string>
			<key>includeInIndex</key>
			<string>0</string>
			<key>isa</key>
			<string>PBXFileReference</string>
			<key>path</key>
			<string>libPods-ios.a</string>
			<key>sourceTree</key>
			<string>BUILT_PRODUCTS_DIR</string>
		</dict>
		<key>B52C3B178C304486BDBA6AB9</key>
		<dict>
			<key>fileRef</key>
			<string>82FE7F1C991A4130B5BBD92F</string>
			<key>isa</key>
			<string>PBXBuildFile</string>
		</dict>
		<key>D4CB9DCA66B514BC1BA3CA54</key>
		<dict>
			<key>includeInIndex</key>
			<string>1</string>
			<key>isa</key>
			<string>PBXFileReference</string>
			<key>lastKnownFileType</key>
			<string>text.xcconfig</string>
			<key>name</key>
			<string>Pods-ios.release.xcconfig</string>
			<key>path</key>
			<string>Pods/Target Support Files/Pods-ios/Pods-ios.release.xcconfig</string>
			<key>sourceTree</key>
			<string>&lt;group&gt;</string>
		</dict>
		<key>E54118EE57ED4647A2BB59F1</key>
		<dict>
			<key>buildActionMask</key>
			<string>2147483647</string>
			<key>files</key>
			<array/>
			<key>inputPaths</key>
			<array/>
			<key>isa</key>
			<string>PBXShellScriptBuildPhase</string>
			<key>name</key>
			<string>Copy Pods Resources</string>
			<key>outputPaths</key>
			<array/>
			<key>runOnlyForDeploymentPostprocessing</key>
			<string>0</string>
			<key>shellPath</key>
			<string>/bin/sh</string>
			<key>shellScript</key>
			<string>"${SRCROOT}/Pods/Target Support Files/Pods-ios/Pods-ios-resources.sh"
</string>
			<key>showEnvVarsInLog</key>
			<string>0</string>
		</dict>
		<key>F809A9C01833FF120011F509</key>
		<dict>
			<key>fileEncoding</key>
			<string>4</string>
			<key>isa</key>
			<string>PBXFileReference</string>
			<key>lastKnownFileType</key>
			<string>text.plist.xml</string>
			<key>path</key>
			<string>ILMovieDB-Info.plist</string>
			<key>sourceTree</key>
			<string>&lt;group&gt;</string>
		</dict>
		<key>F809A9C11833FF120011F509</key>
		<dict>
			<key>fileEncoding</key>
			<string>4</string>
			<key>isa</key>
			<string>PBXFileReference</string>
			<key>lastKnownFileType</key>
			<string>sourcecode.c.h</string>
			<key>path</key>
			<string>ILMovieDB-Prefix.pch</string>
			<key>sourceTree</key>
			<string>&lt;group&gt;</string>
		</dict>
		<key>F816DC3517E8D1360085A6F4</key>
		<dict>
			<key>children</key>
			<array>
				<string>F816DC5E17E8D3090085A6F4</string>
				<string>F816DC7B17E8DD690085A6F4</string>
				<string>F816DC4017E8D1360085A6F4</string>
				<string>F816DC3F17E8D1360085A6F4</string>
				<string>025EF458CF9E0CEB8C5B63AA</string>
			</array>
			<key>isa</key>
			<string>PBXGroup</string>
			<key>sourceTree</key>
			<string>&lt;group&gt;</string>
		</dict>
		<key>F816DC3617E8D1360085A6F4</key>
		<dict>
			<key>attributes</key>
			<dict>
				<key>CLASSPREFIX</key>
				<string>IL</string>
				<key>LastUpgradeCheck</key>
				<string>0460</string>
				<key>ORGANIZATIONNAME</key>
				<string>IrbisLab</string>
			</dict>
			<key>buildConfigurationList</key>
			<string>F816DC3917E8D1360085A6F4</string>
			<key>compatibilityVersion</key>
			<string>Xcode 3.2</string>
			<key>developmentRegion</key>
			<string>English</string>
			<key>hasScannedForEncodings</key>
			<string>0</string>
			<key>isa</key>
			<string>PBXProject</string>
			<key>knownRegions</key>
			<array>
				<string>en</string>
			</array>
			<key>mainGroup</key>
			<string>F816DC3517E8D1360085A6F4</string>
			<key>productRefGroup</key>
			<string>F816DC3F17E8D1360085A6F4</string>
			<key>projectDirPath</key>
			<string></string>
			<key>projectReferences</key>
			<array/>
			<key>projectRoot</key>
			<string></string>
			<key>targets</key>
			<array>
				<string>F816DC3D17E8D1360085A6F4</string>
			</array>
		</dict>
		<key>F816DC3917E8D1360085A6F4</key>
		<dict>
			<key>buildConfigurations</key>
			<array>
				<string>F816DC5917E8D1360085A6F4</string>
				<string>F816DC5A17E8D1360085A6F4</string>
			</array>
			<key>defaultConfigurationIsVisible</key>
			<string>0</string>
			<key>defaultConfigurationName</key>
			<string>Release</string>
			<key>isa</key>
			<string>XCConfigurationList</string>
		</dict>
		<key>F816DC3A17E8D1360085A6F4</key>
		<dict>
			<key>buildActionMask</key>
			<string>2147483647</string>
			<key>files</key>
			<array>
				<string>F816DC6817E8D3090085A6F4</string>
				<string>F816DC6A17E8D3090085A6F4</string>
				<string>F821430B17E9EF49003A5F8F</string>
			</array>
			<key>isa</key>
			<string>PBXSourcesBuildPhase</string>
			<key>runOnlyForDeploymentPostprocessing</key>
			<string>0</string>
		</dict>
		<key>F816DC3B17E8D1360085A6F4</key>
		<dict>
			<key>buildActionMask</key>
			<string>2147483647</string>
			<key>files</key>
			<array>
				<string>F816DC7A17E8D9360085A6F4</string>
				<string>F816DC7817E8D9320085A6F4</string>
				<string>F816DC4217E8D1360085A6F4</string>
				<string>F816DC4417E8D1360085A6F4</string>
				<string>F816DC4617E8D1360085A6F4</string>
				<string>B52C3B178C304486BDBA6AB9</string>
			</array>
			<key>isa</key>
			<string>PBXFrameworksBuildPhase</string>
			<key>runOnlyForDeploymentPostprocessing</key>
			<string>0</string>
		</dict>
		<key>F816DC3C17E8D1360085A6F4</key>
		<dict>
			<key>buildActionMask</key>
			<string>2147483647</string>
			<key>files</key>
			<array>
				<string>F816DC6B17E8D3090085A6F4</string>
				<string>F816DC6C17E8D3090085A6F4</string>
				<string>F816DC6D17E8D3090085A6F4</string>
				<string>F821430D17E9FCA0003A5F8F</string>
			</array>
			<key>isa</key>
			<string>PBXResourcesBuildPhase</string>
			<key>runOnlyForDeploymentPostprocessing</key>
			<string>0</string>
		</dict>
		<key>F816DC3D17E8D1360085A6F4</key>
		<dict>
			<key>buildConfigurationList</key>
			<string>F816DC5B17E8D1360085A6F4</string>
			<key>buildPhases</key>
			<array>
				<string>34DC0CF2A2D747FBA471669A</string>
				<string>F816DC3A17E8D1360085A6F4</string>
				<string>F816DC3B17E8D1360085A6F4</string>
				<string>F816DC3C17E8D1360085A6F4</string>
				<string>E54118EE57ED4647A2BB59F1</string>
			</array>
			<key>buildRules</key>
			<array/>
			<key>dependencies</key>
			<array/>
			<key>isa</key>
			<string>PBXNativeTarget</string>
			<key>name</key>
			<string>ILMovieDB Example</string>
			<key>productName</key>
			<string>ILTMDb Example</string>
			<key>productReference</key>
			<string>F816DC3E17E8D1360085A6F4</string>
			<key>productType</key>
			<string>com.apple.product-type.application</string>
		</dict>
		<key>F816DC3E17E8D1360085A6F4</key>
		<dict>
			<key>explicitFileType</key>
			<string>wrapper.application</string>
			<key>includeInIndex</key>
			<string>0</string>
			<key>isa</key>
			<string>PBXFileReference</string>
			<key>path</key>
			<string>ILMovieDB Example.app</string>
			<key>sourceTree</key>
			<string>BUILT_PRODUCTS_DIR</string>
		</dict>
		<key>F816DC3F17E8D1360085A6F4</key>
		<dict>
			<key>children</key>
			<array>
				<string>F816DC3E17E8D1360085A6F4</string>
			</array>
			<key>isa</key>
			<string>PBXGroup</string>
			<key>name</key>
			<string>Products</string>
			<key>sourceTree</key>
			<string>&lt;group&gt;</string>
		</dict>
		<key>F816DC4017E8D1360085A6F4</key>
		<dict>
			<key>children</key>
			<array>
				<string>F816DC7917E8D9360085A6F4</string>
				<string>F816DC7717E8D9320085A6F4</string>
				<string>F816DC4117E8D1360085A6F4</string>
				<string>F816DC4317E8D1360085A6F4</string>
				<string>F816DC4517E8D1360085A6F4</string>
				<string>82FE7F1C991A4130B5BBD92F</string>
			</array>
			<key>isa</key>
			<string>PBXGroup</string>
			<key>name</key>
			<string>Frameworks</string>
			<key>sourceTree</key>
			<string>&lt;group&gt;</string>
		</dict>
		<key>F816DC4117E8D1360085A6F4</key>
		<dict>
			<key>isa</key>
			<string>PBXFileReference</string>
			<key>lastKnownFileType</key>
			<string>wrapper.framework</string>
			<key>name</key>
			<string>UIKit.framework</string>
			<key>path</key>
			<string>System/Library/Frameworks/UIKit.framework</string>
			<key>sourceTree</key>
			<string>SDKROOT</string>
		</dict>
		<key>F816DC4217E8D1360085A6F4</key>
		<dict>
			<key>fileRef</key>
			<string>F816DC4117E8D1360085A6F4</string>
			<key>isa</key>
			<string>PBXBuildFile</string>
		</dict>
		<key>F816DC4317E8D1360085A6F4</key>
		<dict>
			<key>isa</key>
			<string>PBXFileReference</string>
			<key>lastKnownFileType</key>
			<string>wrapper.framework</string>
			<key>name</key>
			<string>Foundation.framework</string>
			<key>path</key>
			<string>System/Library/Frameworks/Foundation.framework</string>
			<key>sourceTree</key>
			<string>SDKROOT</string>
		</dict>
		<key>F816DC4417E8D1360085A6F4</key>
		<dict>
			<key>fileRef</key>
			<string>F816DC4317E8D1360085A6F4</string>
			<key>isa</key>
			<string>PBXBuildFile</string>
		</dict>
		<key>F816DC4517E8D1360085A6F4</key>
		<dict>
			<key>isa</key>
			<string>PBXFileReference</string>
			<key>lastKnownFileType</key>
			<string>wrapper.framework</string>
			<key>name</key>
			<string>CoreGraphics.framework</string>
			<key>path</key>
			<string>System/Library/Frameworks/CoreGraphics.framework</string>
			<key>sourceTree</key>
			<string>SDKROOT</string>
		</dict>
		<key>F816DC4617E8D1360085A6F4</key>
		<dict>
			<key>fileRef</key>
			<string>F816DC4517E8D1360085A6F4</string>
			<key>isa</key>
			<string>PBXBuildFile</string>
		</dict>
		<key>F816DC5917E8D1360085A6F4</key>
		<dict>
			<key>buildSettings</key>
			<dict>
				<key>ALWAYS_SEARCH_USER_PATHS</key>
				<string>NO</string>
				<key>CLANG_CXX_LANGUAGE_STANDARD</key>
				<string>gnu++0x</string>
				<key>CLANG_CXX_LIBRARY</key>
				<string>libc++</string>
				<key>CLANG_ENABLE_OBJC_ARC</key>
				<string>YES</string>
				<key>CLANG_WARN_CONSTANT_CONVERSION</key>
				<string>YES</string>
				<key>CLANG_WARN_EMPTY_BODY</key>
				<string>YES</string>
				<key>CLANG_WARN_ENUM_CONVERSION</key>
				<string>YES</string>
				<key>CLANG_WARN_INT_CONVERSION</key>
				<string>YES</string>
				<key>CLANG_WARN__DUPLICATE_METHOD_MATCH</key>
				<string>YES</string>
				<key>CODE_SIGN_IDENTITY[sdk=iphoneos*]</key>
				<string>iPhone Developer</string>
				<key>COPY_PHASE_STRIP</key>
				<string>NO</string>
				<key>GCC_C_LANGUAGE_STANDARD</key>
				<string>gnu99</string>
				<key>GCC_DYNAMIC_NO_PIC</key>
				<string>NO</string>
				<key>GCC_OPTIMIZATION_LEVEL</key>
				<string>0</string>
				<key>GCC_PREPROCESSOR_DEFINITIONS</key>
				<array>
					<string>DEBUG=1</string>
					<string>$(inherited)</string>
				</array>
				<key>GCC_SYMBOLS_PRIVATE_EXTERN</key>
				<string>NO</string>
				<key>GCC_WARN_ABOUT_RETURN_TYPE</key>
				<string>YES</string>
				<key>GCC_WARN_UNINITIALIZED_AUTOS</key>
				<string>YES</string>
				<key>GCC_WARN_UNUSED_VARIABLE</key>
				<string>YES</string>
				<key>IPHONEOS_DEPLOYMENT_TARGET</key>
				<string>6.1</string>
				<key>ONLY_ACTIVE_ARCH</key>
				<string>YES</string>
				<key>SDKROOT</key>
				<string>iphoneos</string>
			</dict>
			<key>isa</key>
			<string>XCBuildConfiguration</string>
			<key>name</key>
			<string>Debug</string>
		</dict>
		<key>F816DC5A17E8D1360085A6F4</key>
		<dict>
			<key>buildSettings</key>
			<dict>
				<key>ALWAYS_SEARCH_USER_PATHS</key>
				<string>NO</string>
				<key>CLANG_CXX_LANGUAGE_STANDARD</key>
				<string>gnu++0x</string>
				<key>CLANG_CXX_LIBRARY</key>
				<string>libc++</string>
				<key>CLANG_ENABLE_OBJC_ARC</key>
				<string>YES</string>
				<key>CLANG_WARN_CONSTANT_CONVERSION</key>
				<string>YES</string>
				<key>CLANG_WARN_EMPTY_BODY</key>
				<string>YES</string>
				<key>CLANG_WARN_ENUM_CONVERSION</key>
				<string>YES</string>
				<key>CLANG_WARN_INT_CONVERSION</key>
				<string>YES</string>
				<key>CLANG_WARN__DUPLICATE_METHOD_MATCH</key>
				<string>YES</string>
				<key>CODE_SIGN_IDENTITY[sdk=iphoneos*]</key>
				<string>iPhone Developer</string>
				<key>COPY_PHASE_STRIP</key>
				<string>YES</string>
				<key>GCC_C_LANGUAGE_STANDARD</key>
				<string>gnu99</string>
				<key>GCC_WARN_ABOUT_RETURN_TYPE</key>
				<string>YES</string>
				<key>GCC_WARN_UNINITIALIZED_AUTOS</key>
				<string>YES</string>
				<key>GCC_WARN_UNUSED_VARIABLE</key>
				<string>YES</string>
				<key>IPHONEOS_DEPLOYMENT_TARGET</key>
				<string>6.1</string>
				<key>OTHER_CFLAGS</key>
				<string>-DNS_BLOCK_ASSERTIONS=1</string>
				<key>SDKROOT</key>
				<string>iphoneos</string>
				<key>VALIDATE_PRODUCT</key>
				<string>YES</string>
			</dict>
			<key>isa</key>
			<string>XCBuildConfiguration</string>
			<key>name</key>
			<string>Release</string>
		</dict>
		<key>F816DC5B17E8D1360085A6F4</key>
		<dict>
			<key>buildConfigurations</key>
			<array>
				<string>F816DC5C17E8D1360085A6F4</string>
				<string>F816DC5D17E8D1360085A6F4</string>
			</array>
			<key>defaultConfigurationIsVisible</key>
			<string>0</string>
			<key>defaultConfigurationName</key>
			<string>Release</string>
			<key>isa</key>
			<string>XCConfigurationList</string>
		</dict>
		<key>F816DC5C17E8D1360085A6F4</key>
		<dict>
			<key>baseConfigurationReference</key>
			<string>793A2834EDD09FC69D4F1A60</string>
			<key>buildSettings</key>
			<dict>
				<key>GCC_PRECOMPILE_PREFIX_HEADER</key>
				<string>YES</string>
				<key>GCC_PREFIX_HEADER</key>
				<string>Classes/Support/ILMovieDB-Prefix.pch</string>
				<key>INFOPLIST_FILE</key>
				<string>$(SRCROOT)/Classes/Support/ILMovieDB-Info.plist</string>
				<key>IPHONEOS_DEPLOYMENT_TARGET</key>
				<string>7.0</string>
				<key>PRODUCT_NAME</key>
				<string>$(TARGET_NAME)</string>
				<key>WRAPPER_EXTENSION</key>
				<string>app</string>
			</dict>
			<key>isa</key>
			<string>XCBuildConfiguration</string>
			<key>name</key>
			<string>Debug</string>
		</dict>
		<key>F816DC5D17E8D1360085A6F4</key>
		<dict>
			<key>baseConfigurationReference</key>
			<string>D4CB9DCA66B514BC1BA3CA54</string>
			<key>buildSettings</key>
			<dict>
				<key>GCC_PRECOMPILE_PREFIX_HEADER</key>
				<string>YES</string>
				<key>GCC_PREFIX_HEADER</key>
				<string>Classes/Support/ILMovieDB-Prefix.pch</string>
				<key>INFOPLIST_FILE</key>
				<string>$(SRCROOT)/Classes/Support/ILMovieDB-Info.plist</string>
				<key>IPHONEOS_DEPLOYMENT_TARGET</key>
				<string>7.0</string>
				<key>PRODUCT_NAME</key>
				<string>$(TARGET_NAME)</string>
				<key>WRAPPER_EXTENSION</key>
				<string>app</string>
			</dict>
			<key>isa</key>
			<string>XCBuildConfiguration</string>
			<key>name</key>
			<string>Release</string>
		</dict>
		<key>F816DC5E17E8D3090085A6F4</key>
		<dict>
			<key>children</key>
			<array>
				<string>F821430817E9EE5D003A5F8F</string>
				<string>F816DC5F17E8D3090085A6F4</string>
				<string>F816DC6017E8D3090085A6F4</string>
				<string>F816DC6117E8D3090085A6F4</string>
			</array>
			<key>isa</key>
			<string>PBXGroup</string>
			<key>path</key>
			<string>Classes</string>
			<key>sourceTree</key>
			<string>&lt;group&gt;</string>
		</dict>
		<key>F816DC5F17E8D3090085A6F4</key>
		<dict>
			<key>fileEncoding</key>
			<string>4</string>
			<key>isa</key>
			<string>PBXFileReference</string>
			<key>lastKnownFileType</key>
			<string>sourcecode.c.h</string>
			<key>path</key>
			<string>ILAppDelegate.h</string>
			<key>sourceTree</key>
			<string>&lt;group&gt;</string>
		</dict>
		<key>F816DC6017E8D3090085A6F4</key>
		<dict>
			<key>fileEncoding</key>
			<string>4</string>
			<key>isa</key>
			<string>PBXFileReference</string>
			<key>lastKnownFileType</key>
			<string>sourcecode.c.objc</string>
			<key>path</key>
			<string>ILAppDelegate.m</string>
			<key>sourceTree</key>
			<string>&lt;group&gt;</string>
		</dict>
		<key>F816DC6117E8D3090085A6F4</key>
		<dict>
			<key>children</key>
			<array>
				<string>F809A9C01833FF120011F509</string>
				<string>F809A9C11833FF120011F509</string>
				<string>F816DC6417E8D3090085A6F4</string>
			</array>
			<key>isa</key>
			<string>PBXGroup</string>
			<key>path</key>
			<string>Support</string>
			<key>sourceTree</key>
			<string>&lt;group&gt;</string>
		</dict>
		<key>F816DC6417E8D3090085A6F4</key>
		<dict>
			<key>fileEncoding</key>
			<string>4</string>
			<key>isa</key>
			<string>PBXFileReference</string>
			<key>lastKnownFileType</key>
			<string>sourcecode.c.objc</string>
			<key>path</key>
			<string>main.m</string>
			<key>sourceTree</key>
			<string>&lt;group&gt;</string>
		</dict>
		<key>F816DC6517E8D3090085A6F4</key>
		<dict>
			<key>isa</key>
			<string>PBXFileReference</string>
			<key>lastKnownFileType</key>
			<string>image.png</string>
			<key>path</key>
			<string>Default-568h@2x.png</string>
			<key>sourceTree</key>
			<string>&lt;group&gt;</string>
		</dict>
		<key>F816DC6617E8D3090085A6F4</key>
		<dict>
			<key>isa</key>
			<string>PBXFileReference</string>
			<key>lastKnownFileType</key>
			<string>image.png</string>
			<key>path</key>
			<string>Default.png</string>
			<key>sourceTree</key>
			<string>&lt;group&gt;</string>
		</dict>
		<key>F816DC6717E8D3090085A6F4</key>
		<dict>
			<key>isa</key>
			<string>PBXFileReference</string>
			<key>lastKnownFileType</key>
			<string>image.png</string>
			<key>path</key>
			<string>Default@2x.png</string>
			<key>sourceTree</key>
			<string>&lt;group&gt;</string>
		</dict>
		<key>F816DC6817E8D3090085A6F4</key>
		<dict>
			<key>fileRef</key>
			<string>F816DC6017E8D3090085A6F4</string>
			<key>isa</key>
			<string>PBXBuildFile</string>
		</dict>
		<key>F816DC6A17E8D3090085A6F4</key>
		<dict>
			<key>fileRef</key>
			<string>F816DC6417E8D3090085A6F4</string>
			<key>isa</key>
			<string>PBXBuildFile</string>
		</dict>
		<key>F816DC6B17E8D3090085A6F4</key>
		<dict>
			<key>fileRef</key>
			<string>F816DC6517E8D3090085A6F4</string>
			<key>isa</key>
			<string>PBXBuildFile</string>
		</dict>
		<key>F816DC6C17E8D3090085A6F4</key>
		<dict>
			<key>fileRef</key>
			<string>F816DC6617E8D3090085A6F4</string>
			<key>isa</key>
			<string>PBXBuildFile</string>
		</dict>
		<key>F816DC6D17E8D3090085A6F4</key>
		<dict>
			<key>fileRef</key>
			<string>F816DC6717E8D3090085A6F4</string>
			<key>isa</key>
			<string>PBXBuildFile</string>
		</dict>
		<key>F816DC7717E8D9320085A6F4</key>
		<dict>
			<key>isa</key>
			<string>PBXFileReference</string>
			<key>lastKnownFileType</key>
			<string>wrapper.framework</string>
			<key>name</key>
			<string>SystemConfiguration.framework</string>
			<key>path</key>
			<string>System/Library/Frameworks/SystemConfiguration.framework</string>
			<key>sourceTree</key>
			<string>SDKROOT</string>
		</dict>
		<key>F816DC7817E8D9320085A6F4</key>
		<dict>
			<key>fileRef</key>
			<string>F816DC7717E8D9320085A6F4</string>
			<key>isa</key>
			<string>PBXBuildFile</string>
		</dict>
		<key>F816DC7917E8D9360085A6F4</key>
		<dict>
			<key>isa</key>
			<string>PBXFileReference</string>
			<key>lastKnownFileType</key>
			<string>wrapper.framework</string>
			<key>name</key>
			<string>MobileCoreServices.framework</string>
			<key>path</key>
			<string>System/Library/Frameworks/MobileCoreServices.framework</string>
			<key>sourceTree</key>
			<string>SDKROOT</string>
		</dict>
		<key>F816DC7A17E8D9360085A6F4</key>
		<dict>
			<key>fileRef</key>
			<string>F816DC7917E8D9360085A6F4</string>
			<key>isa</key>
			<string>PBXBuildFile</string>
		</dict>
		<key>F816DC7B17E8DD690085A6F4</key>
		<dict>
			<key>children</key>
			<array>
				<string>F816DC6517E8D3090085A6F4</string>
				<string>F816DC6617E8D3090085A6F4</string>
				<string>F816DC6717E8D3090085A6F4</string>
				<string>F821430C17E9FCA0003A5F8F</string>
			</array>
			<key>isa</key>
			<string>PBXGroup</string>
			<key>name</key>
			<string>Images</string>
			<key>sourceTree</key>
			<string>&lt;group&gt;</string>
		</dict>
		<key>F821430817E9EE5D003A5F8F</key>
		<dict>
			<key>children</key>
			<array>
				<string>F821430917E9EF49003A5F8F</string>
				<string>F821430A17E9EF49003A5F8F</string>
			</array>
			<key>isa</key>
			<string>PBXGroup</string>
			<key>path</key>
			<string>Controllers</string>
			<key>sourceTree</key>
			<string>&lt;group&gt;</string>
		</dict>
		<key>F821430917E9EF49003A5F8F</key>
		<dict>
			<key>fileEncoding</key>
			<string>4</string>
			<key>isa</key>
			<string>PBXFileReference</string>
			<key>lastKnownFileType</key>
			<string>sourcecode.c.h</string>
			<key>path</key>
			<string>MoviesViewController.h</string>
			<key>sourceTree</key>
			<string>&lt;group&gt;</string>
		</dict>
		<key>F821430A17E9EF49003A5F8F</key>
		<dict>
			<key>fileEncoding</key>
			<string>4</string>
			<key>isa</key>
			<string>PBXFileReference</string>
			<key>lastKnownFileType</key>
			<string>sourcecode.c.objc</string>
			<key>path</key>
			<string>MoviesViewController.m</string>
			<key>sourceTree</key>
			<string>&lt;group&gt;</string>
		</dict>
		<key>F821430B17E9EF49003A5F8F</key>
		<dict>
			<key>fileRef</key>
			<string>F821430A17E9EF49003A5F8F</string>
			<key>isa</key>
			<string>PBXBuildFile</string>
		</dict>
		<key>F821430C17E9FCA0003A5F8F</key>
		<dict>
			<key>isa</key>
			<string>PBXFileReference</string>
			<key>lastKnownFileType</key>
			<string>image.jpeg</string>
			<key>path</key>
			<string>placeholderImage.jpg</string>
			<key>sourceTree</key>
			<string>&lt;group&gt;</string>
		</dict>
		<key>F821430D17E9FCA0003A5F8F</key>
		<dict>
			<key>fileRef</key>
			<string>F821430C17E9FCA0003A5F8F</string>
			<key>isa</key>
			<string>PBXBuildFile</string>
		</dict>
	</dict>
	<key>rootObject</key>
	<string>F816DC3617E8D1360085A6F4</string>
</dict>
</plist>
